
Microsoft Visual Studio Solution File, Format Version 12.00
# Visual Studio Version 17
VisualStudioVersion = 17.8.34322.80
MinimumVisualStudioVersion = 10.0.40219.1
Project("{FAE04EC0-301F-11D3-BF4B-00C04F79EFBC}") = "PhaseEndProject-2", "PhaseEndProject-2\PhaseEndProject-2.csproj", "{82E13C4F-F115-429B-9DBA-6AECC82076EE}"
EndProject
Global
	GlobalSection(SolutionConfigurationPlatforms) = preSolution
		Debug|Any CPU = Debug|Any CPU
		Release|Any CPU = Release|Any CPU
	EndGlobalSection
	GlobalSection(ProjectConfigurationPlatforms) = postSolution
		{82E13C4F-F115-429B-9DBA-6AECC82076EE}.Debug|Any CPU.ActiveCfg = Debug|Any CPU
		{82E13C4F-F115-429B-9DBA-6AECC82076EE}.Debug|Any CPU.Build.0 = Debug|Any CPU
		{82E13C4F-F115-429B-9DBA-6AECC82076EE}.Release|Any CPU.ActiveCfg = Release|Any CPU
		{82E13C4F-F115-429B-9DBA-6AECC82076EE}.Release|Any CPU.Build.0 = Release|Any CPU
	EndGlobalSection
	GlobalSection(SolutionProperties) = preSolution
		HideSolutionNode = FALSE
	EndGlobalSection
	GlobalSection(ExtensibilityGlobals) = postSolution
		SolutionGuid = {8D5DC8A9-428E-4FDA-A86F-58444438A12B}
	EndGlobalSection
EndGlobal
